
Microsoft Visual Studio Solution File, Format Version 12.00
# Visual Studio Version 17
VisualStudioVersion = 17.7.34024.191
MinimumVisualStudioVersion = 10.0.40219.1
Project("{8BC9CEB8-8B4A-11D0-8D11-00A0C91BC942}") = "TestConsole240206", "TestConsole240206\TestConsole240206.vcxproj", "{8D9B033A-F7C1-418D-A797-932FB04D2065}"
EndProject
Project("{2150E333-8FDC-42A3-9474-1A3956D46DE8}") = "Plugin", "Plugin", "{750AF690-91B6-4008-A173-288DDFC40C2E}"
EndProject
Project("{8BC9CEB8-8B4A-11D0-8D11-00A0C91BC942}") = "PluginManager", "Plugin\Code\Manager\PluginManager.vcxproj", "{928D2680-6200-4CA9-82D2-A879BAFD396D}"
EndProject
Project("{8BC9CEB8-8B4A-11D0-8D11-00A0C91BC942}") = "PluginShare", "Plugin\Code\Share\PluginShare.vcxproj", "{DCAF50D5-DBEE-4EC4-B6BB-66EA8D2524E7}"
EndProject
Project("{8BC9CEB8-8B4A-11D0-8D11-00A0C91BC942}") = "TestDll_Plugin", "Plugin\Code\MyDllPlugin\MyDllPlugin.vcxproj", "{03780B2C-7460-4ED0-B312-42308B14C97E}"
EndProject
Project("{8BC9CEB8-8B4A-11D0-8D11-00A0C91BC942}") = "CommonShare", "CommonShare\CommonShare.vcxproj", "{FAACA823-7773-4BC0-A5CF-FCD368734E43}"
EndProject
Project("{8BC9CEB8-8B4A-11D0-8D11-00A0C91BC942}") = "PluginLog", "Plugin\Code\Log\PluginLog.vcxproj", "{7F4E1EDF-FC2D-4120-8BDB-06A8FC42F34E}"
EndProject
Global
	GlobalSection(SolutionConfigurationPlatforms) = preSolution
		Debug|x64 = Debug|x64
		Debug|x86 = Debug|x86
		Release|x64 = Release|x64
		Release|x86 = Release|x86
	EndGlobalSection
	GlobalSection(ProjectConfigurationPlatforms) = postSolution
		{8D9B033A-F7C1-418D-A797-932FB04D2065}.Debug|x64.ActiveCfg = Debug|x64
		{8D9B033A-F7C1-418D-A797-932FB04D2065}.Debug|x64.Build.0 = Debug|x64
		{8D9B033A-F7C1-418D-A797-932FB04D2065}.Debug|x86.ActiveCfg = Debug|Win32
		{8D9B033A-F7C1-418D-A797-932FB04D2065}.Debug|x86.Build.0 = Debug|Win32
		{8D9B033A-F7C1-418D-A797-932FB04D2065}.Release|x64.ActiveCfg = Release|x64
		{8D9B033A-F7C1-418D-A797-932FB04D2065}.Release|x64.Build.0 = Release|x64
		{8D9B033A-F7C1-418D-A797-932FB04D2065}.Release|x86.ActiveCfg = Release|Win32
		{8D9B033A-F7C1-418D-A797-932FB04D2065}.Release|x86.Build.0 = Release|Win32
		{928D2680-6200-4CA9-82D2-A879BAFD396D}.Debug|x64.ActiveCfg = Debug|x64
		{928D2680-6200-4CA9-82D2-A879BAFD396D}.Debug|x64.Build.0 = Debug|x64
		{928D2680-6200-4CA9-82D2-A879BAFD396D}.Debug|x86.ActiveCfg = Debug|Win32
		{928D2680-6200-4CA9-82D2-A879BAFD396D}.Debug|x86.Build.0 = Debug|Win32
		{928D2680-6200-4CA9-82D2-A879BAFD396D}.Release|x64.ActiveCfg = Release|x64
		{928D2680-6200-4CA9-82D2-A879BAFD396D}.Release|x64.Build.0 = Release|x64
		{928D2680-6200-4CA9-82D2-A879BAFD396D}.Release|x86.ActiveCfg = Release|Win32
		{928D2680-6200-4CA9-82D2-A879BAFD396D}.Release|x86.Build.0 = Release|Win32
		{DCAF50D5-DBEE-4EC4-B6BB-66EA8D2524E7}.Debug|x64.ActiveCfg = Debug|x64
		{DCAF50D5-DBEE-4EC4-B6BB-66EA8D2524E7}.Debug|x64.Build.0 = Debug|x64
		{DCAF50D5-DBEE-4EC4-B6BB-66EA8D2524E7}.Debug|x86.ActiveCfg = Debug|Win32
		{DCAF50D5-DBEE-4EC4-B6BB-66EA8D2524E7}.Debug|x86.Build.0 = Debug|Win32
		{DCAF50D5-DBEE-4EC4-B6BB-66EA8D2524E7}.Release|x64.ActiveCfg = Release|x64
		{DCAF50D5-DBEE-4EC4-B6BB-66EA8D2524E7}.Release|x64.Build.0 = Release|x64
		{DCAF50D5-DBEE-4EC4-B6BB-66EA8D2524E7}.Release|x86.ActiveCfg = Release|Win32
		{DCAF50D5-DBEE-4EC4-B6BB-66EA8D2524E7}.Release|x86.Build.0 = Release|Win32
		{03780B2C-7460-4ED0-B312-42308B14C97E}.Debug|x64.ActiveCfg = Debug|x64
		{03780B2C-7460-4ED0-B312-42308B14C97E}.Debug|x64.Build.0 = Debug|x64
		{03780B2C-7460-4ED0-B312-42308B14C97E}.Debug|x86.ActiveCfg = Debug|Win32
		{03780B2C-7460-4ED0-B312-42308B14C97E}.Debug|x86.Build.0 = Debug|Win32
		{03780B2C-7460-4ED0-B312-42308B14C97E}.Release|x64.ActiveCfg = Release|x64
		{03780B2C-7460-4ED0-B312-42308B14C97E}.Release|x64.Build.0 = Release|x64
		{03780B2C-7460-4ED0-B312-42308B14C97E}.Release|x86.ActiveCfg = Release|Win32
		{03780B2C-7460-4ED0-B312-42308B14C97E}.Release|x86.Build.0 = Release|Win32
		{FAACA823-7773-4BC0-A5CF-FCD368734E43}.Debug|x64.ActiveCfg = Debug|x64
		{FAACA823-7773-4BC0-A5CF-FCD368734E43}.Debug|x64.Build.0 = Debug|x64
		{FAACA823-7773-4BC0-A5CF-FCD368734E43}.Debug|x86.ActiveCfg = Debug|Win32
		{FAACA823-7773-4BC0-A5CF-FCD368734E43}.Debug|x86.Build.0 = Debug|Win32
		{FAACA823-7773-4BC0-A5CF-FCD368734E43}.Release|x64.ActiveCfg = Release|x64
		{FAACA823-7773-4BC0-A5CF-FCD368734E43}.Release|x64.Build.0 = Release|x64
		{FAACA823-7773-4BC0-A5CF-FCD368734E43}.Release|x86.ActiveCfg = Release|Win32
		{FAACA823-7773-4BC0-A5CF-FCD368734E43}.Release|x86.Build.0 = Release|Win32
		{7F4E1EDF-FC2D-4120-8BDB-06A8FC42F34E}.Debug|x64.ActiveCfg = Debug|x64
		{7F4E1EDF-FC2D-4120-8BDB-06A8FC42F34E}.Debug|x64.Build.0 = Debug|x64
		{7F4E1EDF-FC2D-4120-8BDB-06A8FC42F34E}.Debug|x86.ActiveCfg = Debug|Win32
		{7F4E1EDF-FC2D-4120-8BDB-06A8FC42F34E}.Debug|x86.Build.0 = Debug|Win32
		{7F4E1EDF-FC2D-4120-8BDB-06A8FC42F34E}.Release|x64.ActiveCfg = Release|x64
		{7F4E1EDF-FC2D-4120-8BDB-06A8FC42F34E}.Release|x64.Build.0 = Release|x64
		{7F4E1EDF-FC2D-4120-8BDB-06A8FC42F34E}.Release|x86.ActiveCfg = Release|Win32
		{7F4E1EDF-FC2D-4120-8BDB-06A8FC42F34E}.Release|x86.Build.0 = Release|Win32
	EndGlobalSection
	GlobalSection(SolutionProperties) = preSolution
		HideSolutionNode = FALSE
	EndGlobalSection
	GlobalSection(NestedProjects) = preSolution
		{928D2680-6200-4CA9-82D2-A879BAFD396D} = {750AF690-91B6-4008-A173-288DDFC40C2E}
		{DCAF50D5-DBEE-4EC4-B6BB-66EA8D2524E7} = {750AF690-91B6-4008-A173-288DDFC40C2E}
		{03780B2C-7460-4ED0-B312-42308B14C97E} = {750AF690-91B6-4008-A173-288DDFC40C2E}
		{7F4E1EDF-FC2D-4120-8BDB-06A8FC42F34E} = {750AF690-91B6-4008-A173-288DDFC40C2E}
	EndGlobalSection
	GlobalSection(ExtensibilityGlobals) = postSolution
		SolutionGuid = {7AF082A5-53F8-4319-AC56-BD76587C9ACC}
	EndGlobalSection
EndGlobal
