<?xml version="1.0" encoding="utf-8"?>
<Project ToolsVersion="4.0" xmlns="http://schemas.microsoft.com/developer/msbuild/2003">
  <ItemGroup>
    <ClInclude Include="Manager\PluginManager.h">
      <Filter>Manager</Filter>
    </ClInclude>
    <ClInclude Include="Loader\PluginLoader.h">
      <Filter>Loader</Filter>
    </ClInclude>
  </ItemGroup>
  <ItemGroup>
    <ClCompile Include="Manager\PluginManager.cpp">
      <Filter>Manager</Filter>
    </ClCompile>
    <ClCompile Include="Loader\PluginLoader.cpp">
      <Filter>Loader</Filter>
    </ClCompile>
    <ClCompile Include="Entry.cpp" />
  </ItemGroup>
  <ItemGroup>
    <Filter Include="Loader">
      <UniqueIdentifier>{d861a2dd-3cdf-48bd-9f7b-3377d27ebcac}</UniqueIdentifier>
    </Filter>
    <Filter Include="Manager">
      <UniqueIdentifier>{29a972f2-f941-4843-a797-0f43607eaf6d}</UniqueIdentifier>
    </Filter>
  </ItemGroup>
</Project>