<?xml version="1.0" encoding="utf-8"?>
<Project ToolsVersion="4.0" xmlns="http://schemas.microsoft.com/developer/msbuild/2003">
  <ItemGroup>
    <ClInclude Include="Core.h">
      <Filter>in\Core</Filter>
    </ClInclude>
    <ClInclude Include="ILog.h">
      <Filter>Share\Log</Filter>
    </ClInclude>
    <ClInclude Include="ELogLevel.h">
      <Filter>Share\Log</Filter>
    </ClInclude>
    <ClInclude Include="LogMangerSingleton.h">
      <Filter>in\Log</Filter>
    </ClInclude>
    <ClInclude Include="Log.h">
      <Filter>in\Log</Filter>
    </ClInclude>
    <ClInclude Include="LogManager.h">
      <Filter>Share\Log</Filter>
    </ClInclude>
    <ClInclude Include="IStopWatch.h">
      <Filter>Share\Time</Filter>
    </ClInclude>
    <ClInclude Include="ITimer.h">
      <Filter>Share\Time</Filter>
    </ClInclude>
    <ClInclude Include="Timer.h">
      <Filter>in\Time\Timer</Filter>
    </ClInclude>
    <ClInclude Include="TimerManagerSingleton.h">
      <Filter>in\Time\Timer</Filter>
    </ClInclude>
    <ClInclude Include="StopWatch.h">
      <Filter>in\Time\StopWatch</Filter>
    </ClInclude>
    <ClInclude Include="StopWatchMangerSingleton.h">
      <Filter>in\Time\StopWatch</Filter>
    </ClInclude>
    <ClInclude Include="TimeManager.h">
      <Filter>Share\Time</Filter>
    </ClInclude>
    <ClInclude Include="SingletonTemplate.h">
      <Filter>Utility</Filter>
    </ClInclude>
    <ClInclude Include="ICore.h">
      <Filter>Frame</Filter>
    </ClInclude>
    <ClInclude Include="IItemManagerBase.h">
      <Filter>Frame</Filter>
    </ClInclude>
    <ClInclude Include="IObjectClass.h">
      <Filter>Share\Core</Filter>
    </ClInclude>
    <ClInclude Include="CoreEntry.h">
      <Filter>Share\Core</Filter>
    </ClInclude>
    <ClInclude Include="CoreEntryDefine.h">
      <Filter>Share\Core</Filter>
    </ClInclude>
    <ClInclude Include="ICoreBuilder.h">
      <Filter>Share\Core</Filter>
    </ClInclude>
  </ItemGroup>
  <ItemGroup>
    <Filter Include="in">
      <UniqueIdentifier>{741aa177-2446-4bc6-9e16-be203922aecc}</UniqueIdentifier>
    </Filter>
    <Filter Include="in\Core">
      <UniqueIdentifier>{97e4abe4-a15d-448d-a4c8-103ae42c62c3}</UniqueIdentifier>
    </Filter>
    <Filter Include="in\Log">
      <UniqueIdentifier>{a00a93cc-6013-429c-bdbe-257e6aca4098}</UniqueIdentifier>
    </Filter>
    <Filter Include="in\Time">
      <UniqueIdentifier>{3e508054-565d-43cc-9a91-70d1369561a2}</UniqueIdentifier>
    </Filter>
    <Filter Include="in\Time\Timer">
      <UniqueIdentifier>{2b4dc4b0-6952-4d15-ba27-fd755375ddc8}</UniqueIdentifier>
    </Filter>
    <Filter Include="in\Time\StopWatch">
      <UniqueIdentifier>{67af8b6e-642d-4293-8b0e-b6b1ec2eef6d}</UniqueIdentifier>
    </Filter>
    <Filter Include="Utility">
      <UniqueIdentifier>{110d4d1f-43ae-4c89-9f55-a5556d4ce4ad}</UniqueIdentifier>
    </Filter>
    <Filter Include="Frame">
      <UniqueIdentifier>{73aaac67-892a-4b99-934b-01d31c7f58e7}</UniqueIdentifier>
    </Filter>
    <Filter Include="Share">
      <UniqueIdentifier>{42d51c8f-d923-4945-b36e-2855f261c886}</UniqueIdentifier>
    </Filter>
    <Filter Include="Share\Log">
      <UniqueIdentifier>{9295065a-d15a-429c-902c-c1e530884c4d}</UniqueIdentifier>
    </Filter>
    <Filter Include="Share\Time">
      <UniqueIdentifier>{b5d8b52d-7672-4144-9558-245982fbfa1d}</UniqueIdentifier>
    </Filter>
    <Filter Include="Share\Core">
      <UniqueIdentifier>{d0df19be-ba1e-4960-9587-947c4d80ea65}</UniqueIdentifier>
    </Filter>
  </ItemGroup>
  <ItemGroup>
    <ClCompile Include="Core.cpp">
      <Filter>in\Core</Filter>
    </ClCompile>
    <ClCompile Include="CoreEntry.cpp">
      <Filter>in\Core</Filter>
    </ClCompile>
    <ClCompile Include="LogMangerSingleton.cpp">
      <Filter>in\Log</Filter>
    </ClCompile>
    <ClCompile Include="Log.cpp">
      <Filter>in\Log</Filter>
    </ClCompile>
    <ClCompile Include="LogManager.cpp">
      <Filter>Share\Log</Filter>
    </ClCompile>
    <ClCompile Include="Timer.cpp">
      <Filter>in\Time\Timer</Filter>
    </ClCompile>
    <ClCompile Include="TimerManagerSingleton.cpp">
      <Filter>in\Time\Timer</Filter>
    </ClCompile>
    <ClCompile Include="StopWatch.cpp">
      <Filter>in\Time\StopWatch</Filter>
    </ClCompile>
    <ClCompile Include="StopWatchMangerSingleton.cpp">
      <Filter>in\Time\StopWatch</Filter>
    </ClCompile>
    <ClCompile Include="TimeManager.cpp">
      <Filter>Share\Time</Filter>
    </ClCompile>
  </ItemGroup>
</Project>