<?xml version="1.0" encoding="utf-8"?>
<Project ToolsVersion="4.0" xmlns="http://schemas.microsoft.com/developer/msbuild/2003">
  <ItemGroup>
    <Filter Include="Internal">
      <UniqueIdentifier>{2fe6a25c-402c-41f1-b6ad-3cf4c55a8822}</UniqueIdentifier>
    </Filter>
  </ItemGroup>
  <ItemGroup>
    <ClCompile Include="ObjectClass.ixx">
      <Filter>Internal</Filter>
    </ClCompile>
    <ClCompile Include="main.cpp" />
    <ClCompile Include="LogClass.ixx">
      <Filter>Internal</Filter>
    </ClCompile>
    <ClCompile Include="TimeClass.ixx">
      <Filter>Internal</Filter>
    </ClCompile>
    <ClCompile Include="AlarmClass.ixx">
      <Filter>Internal</Filter>
    </ClCompile>
  </ItemGroup>
</Project>