<?xml version="1.0" encoding="utf-8"?>
<Project ToolsVersion="4.0" xmlns="http://schemas.microsoft.com/developer/msbuild/2003">
  <ItemGroup>
    <ClCompile Include="Entry.cpp" />
  </ItemGroup>
  <ItemGroup>
    <ClInclude Include="ClassTemplate\Managing\IItemManager_Single.h">
      <Filter>ClassTemplate\Managing</Filter>
    </ClInclude>
    <ClInclude Include="ClassTemplate\Managing\SingletonTemplate.h">
      <Filter>ClassTemplate\Managing</Filter>
    </ClInclude>
    <ClInclude Include="Plugin\Time\ITimer.h">
      <Filter>Plugin\Time</Filter>
    </ClInclude>
    <ClInclude Include="Plugin\Time\IStopWatch.h">
      <Filter>Plugin\Time</Filter>
    </ClInclude>
    <ClInclude Include="Plugin\IPlugin.h">
      <Filter>Plugin</Filter>
    </ClInclude>
    <ClInclude Include="Plugin\Log\ILog.h">
      <Filter>Plugin\Log</Filter>
    </ClInclude>
    <ClInclude Include="Plugin\Log\ELogLevel.h">
      <Filter>Plugin\Log</Filter>
    </ClInclude>
    <ClInclude Include="Plugin\Time\IIntervalCounter.h">
      <Filter>Plugin\Time</Filter>
    </ClInclude>
    <ClInclude Include="Plugin\Time\IClock.h">
      <Filter>Plugin\Time</Filter>
    </ClInclude>
  </ItemGroup>
  <ItemGroup>
    <None Include="README.md" />
  </ItemGroup>
  <ItemGroup>
    <Filter Include="ClassTemplate">
      <UniqueIdentifier>{a3478be5-a976-4c12-a355-9d252c98fac6}</UniqueIdentifier>
    </Filter>
    <Filter Include="ClassTemplate\Managing">
      <UniqueIdentifier>{23d6f7fb-d79f-49c6-8779-af20d7163b4d}</UniqueIdentifier>
    </Filter>
    <Filter Include="ClassTemplate\Object">
      <UniqueIdentifier>{77088dd1-9b6a-4ca6-89c9-b52d01387f80}</UniqueIdentifier>
    </Filter>
    <Filter Include="Plugin">
      <UniqueIdentifier>{029c39f5-588d-4d63-a8e2-9d84a4b668d8}</UniqueIdentifier>
    </Filter>
    <Filter Include="Plugin\Log">
      <UniqueIdentifier>{a20bf7f9-9c30-4fce-bfb1-3d1e544764b8}</UniqueIdentifier>
    </Filter>
    <Filter Include="Plugin\Time">
      <UniqueIdentifier>{90262a64-7aa2-46e6-96bc-1ab8e6323998}</UniqueIdentifier>
    </Filter>
  </ItemGroup>
</Project>